
Microsoft Visual Studio Solution File, Format Version 12.00
# Visual Studio Version 16
VisualStudioVersion = 16.0.31702.278
MinimumVisualStudioVersion = 10.0.40219.1
Project("{FAE04EC0-301F-11D3-BF4B-00C04F79EFBC}") = "MVC5CoreApp", "MVC5CoreApp\MVC5CoreApp.csproj", "{A26284BD-E2E3-4492-A234-711B87156A4F}"
EndProject
Global
	GlobalSection(SolutionConfigurationPlatforms) = preSolution
		Debug|Any CPU = Debug|Any CPU
		Release|Any CPU = Release|Any CPU
	EndGlobalSection
	GlobalSection(ProjectConfigurationPlatforms) = postSolution
		{A26284BD-E2E3-4492-A234-711B87156A4F}.Debug|Any CPU.ActiveCfg = Debug|Any CPU
		{A26284BD-E2E3-4492-A234-711B87156A4F}.Debug|Any CPU.Build.0 = Debug|Any CPU
		{A26284BD-E2E3-4492-A234-711B87156A4F}.Release|Any CPU.ActiveCfg = Release|Any CPU
		{A26284BD-E2E3-4492-A234-711B87156A4F}.Release|Any CPU.Build.0 = Release|Any CPU
	EndGlobalSection
	GlobalSection(SolutionProperties) = preSolution
		HideSolutionNode = FALSE
	EndGlobalSection
	GlobalSection(ExtensibilityGlobals) = postSolution
		SolutionGuid = {88DE65AD-7193-4F76-B183-910AB2C2C1D3}
	EndGlobalSection
EndGlobal
